
Microsoft Visual Studio Solution File, Format Version 12.00
# Visual Studio Version 16
VisualStudioVersion = 16.0.35325.158
MinimumVisualStudioVersion = 10.0.40219.1
Project("{FAE04EC0-301F-11D3-BF4B-00C04F79EFBC}") = "MyADO", "MyADO.csproj", "{B92A33F3-362F-4C59-AFEB-AA12CA43846A}"
EndProject
Global
	GlobalSection(SolutionConfigurationPlatforms) = preSolution
		Debug|Any CPU = Debug|Any CPU
		Release|Any CPU = Release|Any CPU
	EndGlobalSection
	GlobalSection(ProjectConfigurationPlatforms) = postSolution
		{B92A33F3-362F-4C59-AFEB-AA12CA43846A}.Debug|Any CPU.ActiveCfg = Debug|Any CPU
		{B92A33F3-362F-4C59-AFEB-AA12CA43846A}.Debug|Any CPU.Build.0 = Debug|Any CPU
		{B92A33F3-362F-4C59-AFEB-AA12CA43846A}.Release|Any CPU.ActiveCfg = Release|Any CPU
		{B92A33F3-362F-4C59-AFEB-AA12CA43846A}.Release|Any CPU.Build.0 = Release|Any CPU
	EndGlobalSection
	GlobalSection(SolutionProperties) = preSolution
		HideSolutionNode = FALSE
	EndGlobalSection
	GlobalSection(ExtensibilityGlobals) = postSolution
		SolutionGuid = {7E451C34-4637-442E-93C5-0BC2760DC2CA}
	EndGlobalSection
EndGlobal
